
Microsoft Visual Studio Solution File, Format Version 12.00
# Visual Studio 15
VisualStudioVersion = 15.0.28010.2041
MinimumVisualStudioVersion = 10.0.40219.1
Project("{FAE04EC0-301F-11D3-BF4B-00C04F79EFBC}") = "ConsoleApp13", "ConsoleApp13\ConsoleApp13.csproj", "{8A02ACAB-79C7-4C3A-8C87-997A5ED84CD1}"
EndProject
Global
	GlobalSection(SolutionConfigurationPlatforms) = preSolution
		Debug|Any CPU = Debug|Any CPU
		Release|Any CPU = Release|Any CPU
	EndGlobalSection
	GlobalSection(ProjectConfigurationPlatforms) = postSolution
		{8A02ACAB-79C7-4C3A-8C87-997A5ED84CD1}.Debug|Any CPU.ActiveCfg = Debug|Any CPU
		{8A02ACAB-79C7-4C3A-8C87-997A5ED84CD1}.Debug|Any CPU.Build.0 = Debug|Any CPU
		{8A02ACAB-79C7-4C3A-8C87-997A5ED84CD1}.Release|Any CPU.ActiveCfg = Release|Any CPU
		{8A02ACAB-79C7-4C3A-8C87-997A5ED84CD1}.Release|Any CPU.Build.0 = Release|Any CPU
	EndGlobalSection
	GlobalSection(SolutionProperties) = preSolution
		HideSolutionNode = FALSE
	EndGlobalSection
	GlobalSection(ExtensibilityGlobals) = postSolution
		SolutionGuid = {20695C88-6A20-472B-A128-0D1BE31EF2AE}
	EndGlobalSection
EndGlobal
